
Microsoft Visual Studio Solution File, Format Version 12.00
# Visual Studio 15
VisualStudioVersion = 15.0.28307.960
MinimumVisualStudioVersion = 10.0.40219.1
Project("{8BC9CEB8-8B4A-11D0-8D11-00A0C91BC942}") = "Game_Reqursion", "Game_Reqursion\Game_Reqursion.vcxproj", "{988702A0-6E5C-4C9A-A7CA-E40BBFD9DD61}"
EndProject
Global
	GlobalSection(SolutionConfigurationPlatforms) = preSolution
		Debug|x64 = Debug|x64
		Debug|x86 = Debug|x86
		Release|x64 = Release|x64
		Release|x86 = Release|x86
	EndGlobalSection
	GlobalSection(ProjectConfigurationPlatforms) = postSolution
		{988702A0-6E5C-4C9A-A7CA-E40BBFD9DD61}.Debug|x64.ActiveCfg = Debug|x64
		{988702A0-6E5C-4C9A-A7CA-E40BBFD9DD61}.Debug|x64.Build.0 = Debug|x64
		{988702A0-6E5C-4C9A-A7CA-E40BBFD9DD61}.Debug|x86.ActiveCfg = Debug|Win32
		{988702A0-6E5C-4C9A-A7CA-E40BBFD9DD61}.Debug|x86.Build.0 = Debug|Win32
		{988702A0-6E5C-4C9A-A7CA-E40BBFD9DD61}.Release|x64.ActiveCfg = Release|x64
		{988702A0-6E5C-4C9A-A7CA-E40BBFD9DD61}.Release|x64.Build.0 = Release|x64
		{988702A0-6E5C-4C9A-A7CA-E40BBFD9DD61}.Release|x86.ActiveCfg = Release|Win32
		{988702A0-6E5C-4C9A-A7CA-E40BBFD9DD61}.Release|x86.Build.0 = Release|Win32
	EndGlobalSection
	GlobalSection(SolutionProperties) = preSolution
		HideSolutionNode = FALSE
	EndGlobalSection
	GlobalSection(ExtensibilityGlobals) = postSolution
		SolutionGuid = {B84E3E0F-4DE8-43E4-BD57-FFA32F7B89B6}
	EndGlobalSection
EndGlobal
